
Microsoft Visual Studio Solution File, Format Version 12.00
# Visual Studio Version 17
VisualStudioVersion = 17.11.35219.272
MinimumVisualStudioVersion = 10.0.40219.1
Project("{9A19103F-16F7-4668-BE54-9A1E7A4F7556}") = "WPSF.NUnitSelenium.Tests", "WPSF.NUnitSelenium.Tests.csproj", "{DA0849F2-D774-4B6D-B2BE-49DE1F00A57C}"
EndProject
Global
	GlobalSection(SolutionConfigurationPlatforms) = preSolution
		Debug|Any CPU = Debug|Any CPU
		Release|Any CPU = Release|Any CPU
	EndGlobalSection
	GlobalSection(ProjectConfigurationPlatforms) = postSolution
		{DA0849F2-D774-4B6D-B2BE-49DE1F00A57C}.Debug|Any CPU.ActiveCfg = Debug|Any CPU
		{DA0849F2-D774-4B6D-B2BE-49DE1F00A57C}.Debug|Any CPU.Build.0 = Debug|Any CPU
		{DA0849F2-D774-4B6D-B2BE-49DE1F00A57C}.Release|Any CPU.ActiveCfg = Release|Any CPU
		{DA0849F2-D774-4B6D-B2BE-49DE1F00A57C}.Release|Any CPU.Build.0 = Release|Any CPU
	EndGlobalSection
	GlobalSection(SolutionProperties) = preSolution
		HideSolutionNode = FALSE
	EndGlobalSection
	GlobalSection(ExtensibilityGlobals) = postSolution
		SolutionGuid = {69162DDB-4FA2-4401-B09F-96DEFEA5C4B9}
	EndGlobalSection
EndGlobal
